{
  "name": "@anokye-labs/kbexplorer-provider-rich-markdown",
  "version": "0.1.0",
  "lockfileVersion": 3,
  "requires": true,
  "packages": {
    "": {
      "name": "@anokye-labs/kbexplorer-provider-rich-markdown",
      "version": "0.1.0",
      "license": "MIT",
      "dependencies": {
        "@anokye-labs/kbexplorer-core": "github:anokye-labs/kbexplorer-core#v0.1.0"
      },
      "engines": {
        "node": ">=22"
      }
    },
    "node_modules/@anokye-labs/kbexplorer-core": {
      "version": "0.1.0",
      "resolved": "git+ssh://git@github.com/anokye-labs/kbexplorer-core.git#2ce200b95287fe1780befbc5180743928008b2c1",
      "license": "MIT",
      "engines": {
        "node": ">=20"
      }
    }
  }
}
