{
  "name": "@anokye-labs/kbexplorer-provider-rich-markdown",
  "version": "0.1.2",
  "lockfileVersion": 3,
  "requires": true,
  "packages": {
    "": {
      "name": "@anokye-labs/kbexplorer-provider-rich-markdown",
      "version": "0.1.2",
      "license": "MIT",
      "dependencies": {
        "@anokye-labs/kbexplorer-core": "^0.5.1"
      },
      "engines": {
        "node": ">=20"
      }
    },
    "node_modules/@anokye-labs/kbexplorer-core": {
      "version": "0.5.1",
      "resolved": "https://registry.npmjs.org/@anokye-labs/kbexplorer-core/-/kbexplorer-core-0.5.1.tgz",
      "integrity": "sha512-cxt+mSTuUZqGDpl5uewgJlWAV6YULoO3zmGSJghPWc4RE03BLUjcOlNkbzGE7iSYfHOjh96wHy22ywu3gSMPEQ==",
      "license": "MIT",
      "engines": {
        "node": ">=20"
      }
    }
  }
}
