{
  "name": "@anokye-labs/kbexplorer-provider-rich-markdown",
  "version": "0.1.3",
  "lockfileVersion": 3,
  "requires": true,
  "packages": {
    "": {
      "name": "@anokye-labs/kbexplorer-provider-rich-markdown",
      "version": "0.1.3",
      "license": "MIT",
      "dependencies": {
        "@anokye-labs/kbexplorer-core": "^0.6.0"
      },
      "engines": {
        "node": ">=22"
      }
    },
    "node_modules/@anokye-labs/kbexplorer-core": {
      "version": "0.6.0",
      "resolved": "https://registry.npmjs.org/@anokye-labs/kbexplorer-core/-/kbexplorer-core-0.6.0.tgz",
      "integrity": "sha512-2f/TlPpj+K3MH5sppS/KSBRGwZCsAW1yeaJhpSWFCj6Tu4RPJZOC9ZwUHmAHneqOMJoLbWUcI0QCOIx9U9TszQ==",
      "license": "MIT",
      "engines": {
        "node": ">=22"
      }
    }
  }
}
